// !$*UTF8*$!
{
	archiveVersion = 1;
	classes = {
	};
	objectVersion = 77;
	objects = {

/* Begin PBXBuildFile section */
		9028714B2EA23DA10086D0E0 /* License2Chill in Frameworks */ = {isa = PBXBuildFile; productRef = 9028714A2EA23DA10086D0E0 /* License2Chill */; };
		90831F0D2EA63B8F001ABF95 /* Sharing in Frameworks */ = {isa = PBXBuildFile; productRef = 90831F0C2EA63B8F001ABF95 /* Sharing */; };
		90BA55E62E9E97AE0086A85D /* Dependencies in Frameworks */ = {isa = PBXBuildFile; productRef = 90BA55E52E9E97AE0086A85D /* Dependencies */; };
		90BA55E82E9E97AE0086A85D /* DependenciesMacros in Frameworks */ = {isa = PBXBuildFile; productRef = 90BA55E72E9E97AE0086A85D /* DependenciesMacros */; };
/* End PBXBuildFile section */

/* Begin PBXContainerItemProxy section */
		902871412EA23D080086D0E0 /* PBXContainerItemProxy */ = {
			isa = PBXContainerItemProxy;
			containerPortal = 90BA552B2E9D32D20086A85D /* Project object */;
			proxyType = 1;
			remoteGlobalIDString = 90BA55322E9D32D20086A85D;
			remoteInfo = "SpaceX Back In Time";
		};
/* End PBXContainerItemProxy section */

/* Begin PBXFileReference section */
		9028713D2EA23D080086D0E0 /* SpaceX Back In TimeTests.xctest */ = {isa = PBXFileReference; explicitFileType = wrapper.cfbundle; includeInIndex = 0; path = "SpaceX Back In TimeTests.xctest"; sourceTree = BUILT_PRODUCTS_DIR; };
		90BA55332E9D32D20086A85D /* SpaceX Back In Time.app */ = {isa = PBXFileReference; explicitFileType = wrapper.application; includeInIndex = 0; path = "SpaceX Back In Time.app"; sourceTree = BUILT_PRODUCTS_DIR; };
/* End PBXFileReference section */

/* Begin PBXFileSystemSynchronizedRootGroup section */
		9028713E2EA23D080086D0E0 /* SpaceX Back In TimeTests */ = {
			isa = PBXFileSystemSynchronizedRootGroup;
			path = "SpaceX Back In TimeTests";
			sourceTree = "<group>";
		};
		90BA55352E9D32D20086A85D /* SpaceX Back In Time */ = {
			isa = PBXFileSystemSynchronizedRootGroup;
			path = "SpaceX Back In Time";
			sourceTree = "<group>";
		};
/* End PBXFileSystemSynchronizedRootGroup section */

/* Begin PBXFrameworksBuildPhase section */
		9028713A2EA23D080086D0E0 /* Frameworks */ = {
			isa = PBXFrameworksBuildPhase;
			buildActionMask = 2147483647;
			files = (
				9028714B2EA23DA10086D0E0 /* License2Chill in Frameworks */,
			);
			runOnlyForDeploymentPostprocessing = 0;
		};
		90BA55302E9D32D20086A85D /* Frameworks */ = {
			isa = PBXFrameworksBuildPhase;
			buildActionMask = 2147483647;
			files = (
				90831F0D2EA63B8F001ABF95 /* Sharing in Frameworks */,
				90BA55E82E9E97AE0086A85D /* DependenciesMacros in Frameworks */,
				90BA55E62E9E97AE0086A85D /* Dependencies in Frameworks */,
			);
			runOnlyForDeploymentPostprocessing = 0;
		};
/* End PBXFrameworksBuildPhase section */

/* Begin PBXGroup section */
		90BA552A2E9D32D20086A85D = {
			isa = PBXGroup;
			children = (
				90BA55352E9D32D20086A85D /* SpaceX Back In Time */,
				9028713E2EA23D080086D0E0 /* SpaceX Back In TimeTests */,
				90BA55342E9D32D20086A85D /* Products */,
			);
			sourceTree = "<group>";
		};
		90BA55342E9D32D20086A85D /* Products */ = {
			isa = PBXGroup;
			children = (
				90BA55332E9D32D20086A85D /* SpaceX Back In Time.app */,
				9028713D2EA23D080086D0E0 /* SpaceX Back In TimeTests.xctest */,
			);
			name = Products;
			sourceTree = "<group>";
		};
/* End PBXGroup section */

/* Begin PBXNativeTarget section */
		9028713C2EA23D080086D0E0 /* SpaceX Back In TimeTests */ = {
			isa = PBXNativeTarget;
			buildConfigurationList = 902871452EA23D080086D0E0 /* Build configuration list for PBXNativeTarget "SpaceX Back In TimeTests" */;
			buildPhases = (
				902871392EA23D080086D0E0 /* Sources */,
				9028713A2EA23D080086D0E0 /* Frameworks */,
				9028713B2EA23D080086D0E0 /* Resources */,
			);
			buildRules = (
			);
			dependencies = (
				902871422EA23D080086D0E0 /* PBXTargetDependency */,
			);
			fileSystemSynchronizedGroups = (
				9028713E2EA23D080086D0E0 /* SpaceX Back In TimeTests */,
			);
			name = "SpaceX Back In TimeTests";
			packageProductDependencies = (
				9028714A2EA23DA10086D0E0 /* License2Chill */,
			);
			productName = "SpaceX Back In TimeTests";
			productReference = 9028713D2EA23D080086D0E0 /* SpaceX Back In TimeTests.xctest */;
			productType = "com.apple.product-type.bundle.unit-test";
		};
		90BA55322E9D32D20086A85D /* SpaceX Back In Time */ = {
			isa = PBXNativeTarget;
			buildConfigurationList = 90BA553E2E9D32D30086A85D /* Build configuration list for PBXNativeTarget "SpaceX Back In Time" */;
			buildPhases = (
				90BA552F2E9D32D20086A85D /* Sources */,
				90BA55302E9D32D20086A85D /* Frameworks */,
				90BA55312E9D32D20086A85D /* Resources */,
			);
			buildRules = (
			);
			dependencies = (
				90BA55572E9E79BF0086A85D /* PBXTargetDependency */,
			);
			fileSystemSynchronizedGroups = (
				90BA55352E9D32D20086A85D /* SpaceX Back In Time */,
			);
			name = "SpaceX Back In Time";
			packageProductDependencies = (
				90BA55E52E9E97AE0086A85D /* Dependencies */,
				90BA55E72E9E97AE0086A85D /* DependenciesMacros */,
				90831F0C2EA63B8F001ABF95 /* Sharing */,
			);
			productName = "SpaceX Back In Time";
			productReference = 90BA55332E9D32D20086A85D /* SpaceX Back In Time.app */;
			productType = "com.apple.product-type.application";
		};
/* End PBXNativeTarget section */

/* Begin PBXProject section */
		90BA552B2E9D32D20086A85D /* Project object */ = {
			isa = PBXProject;
			attributes = {
				BuildIndependentTargetsInParallel = 1;
				LastSwiftUpdateCheck = 1630;
				LastUpgradeCheck = 1630;
				TargetAttributes = {
					9028713C2EA23D080086D0E0 = {
						CreatedOnToolsVersion = 16.3;
						TestTargetID = 90BA55322E9D32D20086A85D;
					};
					90BA55322E9D32D20086A85D = {
						CreatedOnToolsVersion = 16.3;
					};
				};
			};
			buildConfigurationList = 90BA552E2E9D32D20086A85D /* Build configuration list for PBXProject "SpaceX Back In Time" */;
			developmentRegion = en;
			hasScannedForEncodings = 0;
			knownRegions = (
				en,
				Base,
			);
			mainGroup = 90BA552A2E9D32D20086A85D;
			minimizedProjectReferenceProxies = 1;
			packageReferences = (
				90BA55552E9E795E0086A85D /* XCRemoteSwiftPackageReference "SwiftLintPlugins" */,
				90BA55E42E9E97AE0086A85D /* XCRemoteSwiftPackageReference "swift-dependencies" */,
				902871492EA23DA10086D0E0 /* XCRemoteSwiftPackageReference "license2chill" */,
				90831F0B2EA63B8F001ABF95 /* XCRemoteSwiftPackageReference "swift-sharing" */,
			);
			preferredProjectObjectVersion = 77;
			productRefGroup = 90BA55342E9D32D20086A85D /* Products */;
			projectDirPath = "";
			projectRoot = "";
			targets = (
				90BA55322E9D32D20086A85D /* SpaceX Back In Time */,
				9028713C2EA23D080086D0E0 /* SpaceX Back In TimeTests */,
			);
		};
/* End PBXProject section */

/* Begin PBXResourcesBuildPhase section */
		9028713B2EA23D080086D0E0 /* Resources */ = {
			isa = PBXResourcesBuildPhase;
			buildActionMask = 2147483647;
			files = (
			);
			runOnlyForDeploymentPostprocessing = 0;
		};
		90BA55312E9D32D20086A85D /* Resources */ = {
			isa = PBXResourcesBuildPhase;
			buildActionMask = 2147483647;
			files = (
			);
			runOnlyForDeploymentPostprocessing = 0;
		};
/* End PBXResourcesBuildPhase section */

/* Begin PBXSourcesBuildPhase section */
		902871392EA23D080086D0E0 /* Sources */ = {
			isa = PBXSourcesBuildPhase;
			buildActionMask = 2147483647;
			files = (
			);
			runOnlyForDeploymentPostprocessing = 0;
		};
		90BA552F2E9D32D20086A85D /* Sources */ = {
			isa = PBXSourcesBuildPhase;
			buildActionMask = 2147483647;
			files = (
			);
			runOnlyForDeploymentPostprocessing = 0;
		};
/* End PBXSourcesBuildPhase section */

/* Begin PBXTargetDependency section */
		902871422EA23D080086D0E0 /* PBXTargetDependency */ = {
			isa = PBXTargetDependency;
			target = 90BA55322E9D32D20086A85D /* SpaceX Back In Time */;
			targetProxy = 902871412EA23D080086D0E0 /* PBXContainerItemProxy */;
		};
		90BA55572E9E79BF0086A85D /* PBXTargetDependency */ = {
			isa = PBXTargetDependency;
			productRef = 90BA55562E9E79BF0086A85D /* SwiftLintBuildToolPlugin */;
		};
/* End PBXTargetDependency section */

/* Begin XCBuildConfiguration section */
		902871432EA23D080086D0E0 /* Debug */ = {
			isa = XCBuildConfiguration;
			buildSettings = {
				BUNDLE_LOADER = "$(TEST_HOST)";
				CODE_SIGN_STYLE = Automatic;
				CURRENT_PROJECT_VERSION = 1;
				DEVELOPMENT_TEAM = JZVXBJY89L;
				GENERATE_INFOPLIST_FILE = YES;
				MARKETING_VERSION = 1.0;
				PRODUCT_BUNDLE_IDENTIFIER = "me.michalnemec.SpaceX-Back-In-TimeTests";
				PRODUCT_NAME = "$(TARGET_NAME)";
				SWIFT_EMIT_LOC_STRINGS = NO;
				SWIFT_VERSION = 5.0;
				TARGETED_DEVICE_FAMILY = "1,2";
				TEST_HOST = "$(BUILT_PRODUCTS_DIR)/SpaceX Back In Time.app/$(BUNDLE_EXECUTABLE_FOLDER_PATH)/SpaceX Back In Time";
			};
			name = Debug;
		};
		902871442EA23D080086D0E0 /* Release */ = {
			isa = XCBuildConfiguration;
			buildSettings = {
				BUNDLE_LOADER = "$(TEST_HOST)";
				CODE_SIGN_STYLE = Automatic;
				CURRENT_PROJECT_VERSION = 1;
				DEVELOPMENT_TEAM = JZVXBJY89L;
				GENERATE_INFOPLIST_FILE = YES;
				MARKETING_VERSION = 1.0;
				PRODUCT_BUNDLE_IDENTIFIER = "me.michalnemec.SpaceX-Back-In-TimeTests";
				PRODUCT_NAME = "$(TARGET_NAME)";
				SWIFT_EMIT_LOC_STRINGS = NO;
				SWIFT_VERSION = 5.0;
				TARGETED_DEVICE_FAMILY = "1,2";
				TEST_HOST = "$(BUILT_PRODUCTS_DIR)/SpaceX Back In Time.app/$(BUNDLE_EXECUTABLE_FOLDER_PATH)/SpaceX Back In Time";
			};
			name = Release;
		};
		90BA553C2E9D32D30086A85D /* Debug */ = {
			isa = XCBuildConfiguration;
			buildSettings = {
				ALWAYS_SEARCH_USER_PATHS = NO;
				ASSETCATALOG_COMPILER_GENERATE_SWIFT_ASSET_SYMBOL_EXTENSIONS = YES;
				CLANG_ANALYZER_NONNULL = YES;
				CLANG_ANALYZER_NUMBER_OBJECT_CONVERSION = YES_AGGRESSIVE;
				CLANG_CXX_LANGUAGE_STANDARD = "gnu++20";
				CLANG_ENABLE_MODULES = YES;
				CLANG_ENABLE_OBJC_ARC = YES;
				CLANG_ENABLE_OBJC_WEAK = YES;
				CLANG_WARN_BLOCK_CAPTURE_AUTORELEASING = YES;
				CLANG_WARN_BOOL_CONVERSION = YES;
				CLANG_WARN_COMMA = YES;
				CLANG_WARN_CONSTANT_CONVERSION = YES;
				CLANG_WARN_DEPRECATED_OBJC_IMPLEMENTATIONS = YES;
				CLANG_WARN_DIRECT_OBJC_ISA_USAGE = YES_ERROR;
				CLANG_WARN_DOCUMENTATION_COMMENTS = YES;
				CLANG_WARN_EMPTY_BODY = YES;
				CLANG_WARN_ENUM_CONVERSION = YES;
				CLANG_WARN_INFINITE_RECURSION = YES;
				CLANG_WARN_INT_CONVERSION = YES;
				CLANG_WARN_NON_LITERAL_NULL_CONVERSION = YES;
				CLANG_WARN_OBJC_IMPLICIT_RETAIN_SELF = YES;
				CLANG_WARN_OBJC_LITERAL_CONVERSION = YES;
				CLANG_WARN_OBJC_ROOT_CLASS = YES_ERROR;
				CLANG_WARN_QUOTED_INCLUDE_IN_FRAMEWORK_HEADER = YES;
				CLANG_WARN_RANGE_LOOP_ANALYSIS = YES;
				CLANG_WARN_STRICT_PROTOTYPES = YES;
				CLANG_WARN_SUSPICIOUS_MOVE = YES;
				CLANG_WARN_UNGUARDED_AVAILABILITY = YES_AGGRESSIVE;
				CLANG_WARN_UNREACHABLE_CODE = YES;
				CLANG_WARN__DUPLICATE_METHOD_MATCH = YES;
				COPY_PHASE_STRIP = NO;
				DEBUG_INFORMATION_FORMAT = dwarf;
				DEVELOPMENT_TEAM = JZVXBJY89L;
				ENABLE_STRICT_OBJC_MSGSEND = YES;
				ENABLE_TESTABILITY = YES;
				ENABLE_USER_SCRIPT_SANDBOXING = YES;
				GCC_C_LANGUAGE_STANDARD = gnu17;
				GCC_DYNAMIC_NO_PIC = NO;
				GCC_NO_COMMON_BLOCKS = YES;
				GCC_OPTIMIZATION_LEVEL = 0;
				GCC_PREPROCESSOR_DEFINITIONS = (
					"DEBUG=1",
					"$(inherited)",
				);
				GCC_WARN_64_TO_32_BIT_CONVERSION = YES;
				GCC_WARN_ABOUT_RETURN_TYPE = YES_ERROR;
				GCC_WARN_UNDECLARED_SELECTOR = YES;
				GCC_WARN_UNINITIALIZED_AUTOS = YES_AGGRESSIVE;
				GCC_WARN_UNUSED_FUNCTION = YES;
				GCC_WARN_UNUSED_VARIABLE = YES;
				IPHONEOS_DEPLOYMENT_TARGET = 18.4;
				LOCALIZATION_PREFERS_STRING_CATALOGS = YES;
				MTL_ENABLE_DEBUG_INFO = INCLUDE_SOURCE;
				MTL_FAST_MATH = YES;
				ONLY_ACTIVE_ARCH = YES;
				SDKROOT = iphoneos;
				SWIFT_ACTIVE_COMPILATION_CONDITIONS = "DEBUG $(inherited)";
				SWIFT_OPTIMIZATION_LEVEL = "-Onone";
			};
			name = Debug;
		};
		90BA553D2E9D32D30086A85D /* Release */ = {
			isa = XCBuildConfiguration;
			buildSettings = {
				ALWAYS_SEARCH_USER_PATHS = NO;
				ASSETCATALOG_COMPILER_GENERATE_SWIFT_ASSET_SYMBOL_EXTENSIONS = YES;
				CLANG_ANALYZER_NONNULL = YES;
				CLANG_ANALYZER_NUMBER_OBJECT_CONVERSION = YES_AGGRESSIVE;
				CLANG_CXX_LANGUAGE_STANDARD = "gnu++20";
				CLANG_ENABLE_MODULES = YES;
				CLANG_ENABLE_OBJC_ARC = YES;
				CLANG_ENABLE_OBJC_WEAK = YES;
				CLANG_WARN_BLOCK_CAPTURE_AUTORELEASING = YES;
				CLANG_WARN_BOOL_CONVERSION = YES;
				CLANG_WARN_COMMA = YES;
				CLANG_WARN_CONSTANT_CONVERSION = YES;
				CLANG_WARN_DEPRECATED_OBJC_IMPLEMENTATIONS = YES;
				CLANG_WARN_DIRECT_OBJC_ISA_USAGE = YES_ERROR;
				CLANG_WARN_DOCUMENTATION_COMMENTS = YES;
				CLANG_WARN_EMPTY_BODY = YES;
				CLANG_WARN_ENUM_CONVERSION = YES;
				CLANG_WARN_INFINITE_RECURSION = YES;
				CLANG_WARN_INT_CONVERSION = YES;
				CLANG_WARN_NON_LITERAL_NULL_CONVERSION = YES;
				CLANG_WARN_OBJC_IMPLICIT_RETAIN_SELF = YES;
				CLANG_WARN_OBJC_LITERAL_CONVERSION = YES;
				CLANG_WARN_OBJC_ROOT_CLASS = YES_ERROR;
				CLANG_WARN_QUOTED_INCLUDE_IN_FRAMEWORK_HEADER = YES;
				CLANG_WARN_RANGE_LOOP_ANALYSIS = YES;
				CLANG_WARN_STRICT_PROTOTYPES = YES;
				CLANG_WARN_SUSPICIOUS_MOVE = YES;
				CLANG_WARN_UNGUARDED_AVAILABILITY = YES_AGGRESSIVE;
				CLANG_WARN_UNREACHABLE_CODE = YES;
				CLANG_WARN__DUPLICATE_METHOD_MATCH = YES;
				COPY_PHASE_STRIP = NO;
				DEBUG_INFORMATION_FORMAT = "dwarf-with-dsym";
				DEVELOPMENT_TEAM = JZVXBJY89L;
				ENABLE_NS_ASSERTIONS = NO;
				ENABLE_STRICT_OBJC_MSGSEND = YES;
				ENABLE_USER_SCRIPT_SANDBOXING = YES;
				GCC_C_LANGUAGE_STANDARD = gnu17;
				GCC_NO_COMMON_BLOCKS = YES;
				GCC_WARN_64_TO_32_BIT_CONVERSION = YES;
				GCC_WARN_ABOUT_RETURN_TYPE = YES_ERROR;
				GCC_WARN_UNDECLARED_SELECTOR = YES;
				GCC_WARN_UNINITIALIZED_AUTOS = YES_AGGRESSIVE;
				GCC_WARN_UNUSED_FUNCTION = YES;
				GCC_WARN_UNUSED_VARIABLE = YES;
				IPHONEOS_DEPLOYMENT_TARGET = 18.4;
				LOCALIZATION_PREFERS_STRING_CATALOGS = YES;
				MTL_ENABLE_DEBUG_INFO = NO;
				MTL_FAST_MATH = YES;
				SDKROOT = iphoneos;
				SWIFT_COMPILATION_MODE = wholemodule;
				VALIDATE_PRODUCT = YES;
			};
			name = Release;
		};
		90BA553F2E9D32D30086A85D /* Debug */ = {
			isa = XCBuildConfiguration;
			buildSettings = {
				ASSETCATALOG_COMPILER_APPICON_NAME = AppIcon;
				ASSETCATALOG_COMPILER_GLOBAL_ACCENT_COLOR_NAME = AccentColor;
				CODE_SIGN_STYLE = Automatic;
				CURRENT_PROJECT_VERSION = 1;
				DEVELOPMENT_TEAM = JZVXBJY89L;
				ENABLE_PREVIEWS = YES;
				GENERATE_INFOPLIST_FILE = YES;
				INFOPLIST_KEY_UIApplicationSceneManifest_Generation = YES;
				INFOPLIST_KEY_UIApplicationSupportsIndirectInputEvents = YES;
				INFOPLIST_KEY_UILaunchStoryboardName = "Launch Screen";
				INFOPLIST_KEY_UISupportedInterfaceOrientations_iPhone = "UIInterfaceOrientationPortrait UIInterfaceOrientationLandscapeLeft UIInterfaceOrientationLandscapeRight";
				IPHONEOS_DEPLOYMENT_TARGET = 18.0;
				LD_RUNPATH_SEARCH_PATHS = (
					"$(inherited)",
					"@executable_path/Frameworks",
				);
				MARKETING_VERSION = 1.0;
				PRODUCT_BUNDLE_IDENTIFIER = "me.michalnemec.SpaceX-Back-In-Time";
				PRODUCT_NAME = "$(TARGET_NAME)";
				SUPPORTED_PLATFORMS = "iphoneos iphonesimulator";
				SUPPORTS_MACCATALYST = NO;
				SUPPORTS_XR_DESIGNED_FOR_IPHONE_IPAD = NO;
				SWIFT_EMIT_LOC_STRINGS = YES;
				SWIFT_VERSION = 5.0;
				TARGETED_DEVICE_FAMILY = 1;
			};
			name = Debug;
		};
		90BA55402E9D32D30086A85D /* Release */ = {
			isa = XCBuildConfiguration;
			buildSettings = {
				ASSETCATALOG_COMPILER_APPICON_NAME = AppIcon;
				ASSETCATALOG_COMPILER_GLOBAL_ACCENT_COLOR_NAME = AccentColor;
				CODE_SIGN_STYLE = Automatic;
				CURRENT_PROJECT_VERSION = 1;
				DEVELOPMENT_TEAM = JZVXBJY89L;
				ENABLE_PREVIEWS = YES;
				GENERATE_INFOPLIST_FILE = YES;
				INFOPLIST_KEY_UIApplicationSceneManifest_Generation = YES;
				INFOPLIST_KEY_UIApplicationSupportsIndirectInputEvents = YES;
				INFOPLIST_KEY_UILaunchStoryboardName = "Launch Screen";
				INFOPLIST_KEY_UISupportedInterfaceOrientations_iPhone = "UIInterfaceOrientationPortrait UIInterfaceOrientationLandscapeLeft UIInterfaceOrientationLandscapeRight";
				IPHONEOS_DEPLOYMENT_TARGET = 18.0;
				LD_RUNPATH_SEARCH_PATHS = (
					"$(inherited)",
					"@executable_path/Frameworks",
				);
				MARKETING_VERSION = 1.0;
				PRODUCT_BUNDLE_IDENTIFIER = "me.michalnemec.SpaceX-Back-In-Time";
				PRODUCT_NAME = "$(TARGET_NAME)";
				SUPPORTED_PLATFORMS = "iphoneos iphonesimulator";
				SUPPORTS_MACCATALYST = NO;
				SUPPORTS_XR_DESIGNED_FOR_IPHONE_IPAD = NO;
				SWIFT_EMIT_LOC_STRINGS = YES;
				SWIFT_VERSION = 5.0;
				TARGETED_DEVICE_FAMILY = 1;
			};
			name = Release;
		};
/* End XCBuildConfiguration section */

/* Begin XCConfigurationList section */
		902871452EA23D080086D0E0 /* Build configuration list for PBXNativeTarget "SpaceX Back In TimeTests" */ = {
			isa = XCConfigurationList;
			buildConfigurations = (
				902871432EA23D080086D0E0 /* Debug */,
				902871442EA23D080086D0E0 /* Release */,
			);
			defaultConfigurationIsVisible = 0;
			defaultConfigurationName = Release;
		};
		90BA552E2E9D32D20086A85D /* Build configuration list for PBXProject "SpaceX Back In Time" */ = {
			isa = XCConfigurationList;
			buildConfigurations = (
				90BA553C2E9D32D30086A85D /* Debug */,
				90BA553D2E9D32D30086A85D /* Release */,
			);
			defaultConfigurationIsVisible = 0;
			defaultConfigurationName = Release;
		};
		90BA553E2E9D32D30086A85D /* Build configuration list for PBXNativeTarget "SpaceX Back In Time" */ = {
			isa = XCConfigurationList;
			buildConfigurations = (
				90BA553F2E9D32D30086A85D /* Debug */,
				90BA55402E9D32D30086A85D /* Release */,
			);
			defaultConfigurationIsVisible = 0;
			defaultConfigurationName = Release;
		};
/* End XCConfigurationList section */

/* Begin XCRemoteSwiftPackageReference section */
		902871492EA23DA10086D0E0 /* XCRemoteSwiftPackageReference "license2chill" */ = {
			isa = XCRemoteSwiftPackageReference;
			repositoryURL = "https://gitlab.com/apodidae/license2chill";
			requirement = {
				kind = upToNextMajorVersion;
				minimumVersion = 2.0.1;
			};
		};
		90831F0B2EA63B8F001ABF95 /* XCRemoteSwiftPackageReference "swift-sharing" */ = {
			isa = XCRemoteSwiftPackageReference;
			repositoryURL = "https://github.com/pointfreeco/swift-sharing.git";
			requirement = {
				kind = upToNextMajorVersion;
				minimumVersion = 2.7.4;
			};
		};
		90BA55552E9E795E0086A85D /* XCRemoteSwiftPackageReference "SwiftLintPlugins" */ = {
			isa = XCRemoteSwiftPackageReference;
			repositoryURL = "https://github.com/SimplyDanny/SwiftLintPlugins";
			requirement = {
				kind = upToNextMajorVersion;
				minimumVersion = 0.62.1;
			};
		};
		90BA55E42E9E97AE0086A85D /* XCRemoteSwiftPackageReference "swift-dependencies" */ = {
			isa = XCRemoteSwiftPackageReference;
			repositoryURL = "https://github.com/pointfreeco/swift-dependencies.git";
			requirement = {
				kind = upToNextMajorVersion;
				minimumVersion = 1.10.0;
			};
		};
/* End XCRemoteSwiftPackageReference section */

/* Begin XCSwiftPackageProductDependency section */
		9028714A2EA23DA10086D0E0 /* License2Chill */ = {
			isa = XCSwiftPackageProductDependency;
			package = 902871492EA23DA10086D0E0 /* XCRemoteSwiftPackageReference "license2chill" */;
			productName = License2Chill;
		};
		90831F0C2EA63B8F001ABF95 /* Sharing */ = {
			isa = XCSwiftPackageProductDependency;
			package = 90831F0B2EA63B8F001ABF95 /* XCRemoteSwiftPackageReference "swift-sharing" */;
			productName = Sharing;
		};
		90BA55562E9E79BF0086A85D /* SwiftLintBuildToolPlugin */ = {
			isa = XCSwiftPackageProductDependency;
			package = 90BA55552E9E795E0086A85D /* XCRemoteSwiftPackageReference "SwiftLintPlugins" */;
			productName = "plugin:SwiftLintBuildToolPlugin";
		};
		90BA55E52E9E97AE0086A85D /* Dependencies */ = {
			isa = XCSwiftPackageProductDependency;
			package = 90BA55E42E9E97AE0086A85D /* XCRemoteSwiftPackageReference "swift-dependencies" */;
			productName = Dependencies;
		};
		90BA55E72E9E97AE0086A85D /* DependenciesMacros */ = {
			isa = XCSwiftPackageProductDependency;
			package = 90BA55E42E9E97AE0086A85D /* XCRemoteSwiftPackageReference "swift-dependencies" */;
			productName = DependenciesMacros;
		};
/* End XCSwiftPackageProductDependency section */
	};
	rootObject = 90BA552B2E9D32D20086A85D /* Project object */;
}
